PODS:
  - CocoaLumberjack (2.0.1):
    - CocoaLumberjack/Default (= 2.0.1)
    - CocoaLumberjack/Extensions (= 2.0.1)
  - CocoaLumberjack/Core (2.0.1)
  - CocoaLumberjack/Default (2.0.1):
    - CocoaLumberjack/Core
  - CocoaLumberjack/Extensions (2.0.1):
    - CocoaLumberjack/Default
  - HTAssetsPicker (0.0.3)
  - HTCommonUtility (0.0.1):
    - CocoaLumberjack (= 2.0.1)

DEPENDENCIES:
  - HTAssetsPicker (from `../`)
  - HTCommonUtility (from `https://g.hz.netease.com/HeartTouchOpen/HTCommonUtils.git`)

EXTERNAL SOURCES:
  HTAssetsPicker:
    :path: "../"
  HTCommonUtility:
    :git: https://g.hz.netease.com/HeartTouchOpen/HTCommonUtils.git

CHECKOUT OPTIONS:
  HTCommonUtility:
    :commit: 76ec908819aaa9e8228afcda87ed810bd110227b
    :git: https://g.hz.netease.com/HeartTouchOpen/HTCommonUtils.git

SPEC CHECKSUMS:
  CocoaLumberjack: 019d1361244274a6138c788c6cb80baabc13fb8f
  HTAssetsPicker: 1c4d120850244bd2a58fccd76aeb3eab9790b31f
  HTCommonUtility: cc018fa665ae03e0fb5b7734d95b6452b8e16c0c

PODFILE CHECKSUM: 9b021feb2179279f38a9bf338b5cf9ed08636062

COCOAPODS: 1.1.1
